{
  "name": "nsqjs",
  "lockfileVersion": 2,
  "requires": true,
  "packages": {
    "": {
      "dependencies": {
        "nsqjs": "^0.13.0"
      }
    },
    "node_modules/@napi-rs/snappy": {
      "version": "1.0.2",
      "resolved": "https://registry.npmjs.org/@napi-rs/snappy/-/snappy-1.0.2.tgz",
      "integrity": "sha512-QHuTPh/HCmDfXSnswisrfpq20rwRh5Xl5pR0BEfR/31cTN3IesH6RD0tcs7/ZuGld+EsT/O9ksDyTEKYOque6g==",
      "optional": true,
      "dependencies": {
        "@napi-rs/snappy-android-arm64": "^1.0.2",
        "@napi-rs/snappy-darwin-arm64": "^1.0.2",
        "@napi-rs/snappy-darwin-x64": "^1.0.2",
        "@napi-rs/snappy-freebsd-x64": "^1.0.2",
        "@napi-rs/snappy-linux-arm-gnueabihf": "^1.0.2",
        "@napi-rs/snappy-linux-arm64-gnu": "^1.0.2",
        "@napi-rs/snappy-linux-arm64-musl": "^1.0.2",
        "@napi-rs/snappy-linux-x64-gnu": "^1.0.2",
        "@napi-rs/snappy-linux-x64-musl": "^1.0.2",
        "@napi-rs/snappy-win32-arm64-msvc": "^1.0.2",
        "@napi-rs/snappy-win32-ia32-msvc": "^1.0.2",
        "@napi-rs/snappy-win32-x64-msvc": "^1.0.2",
        "@node-rs/helper": "^1.2.0"
      },
      "engines": {
        "node": ">= 10"
      },
      "funding": {
        "type": "github",
        "url": "https://github.com/sponsors/Brooooooklyn"
      },
      "optionalDependencies": {
        "@napi-rs/snappy-android-arm64": "^1.0.2",
        "@napi-rs/snappy-darwin-arm64": "^1.0.2",
        "@napi-rs/snappy-darwin-x64": "^1.0.2",
        "@napi-rs/snappy-freebsd-x64": "^1.0.2",
        "@napi-rs/snappy-linux-arm-gnueabihf": "^1.0.2",
        "@napi-rs/snappy-linux-arm64-gnu": "^1.0.2",
        "@napi-rs/snappy-linux-arm64-musl": "^1.0.2",
        "@napi-rs/snappy-linux-x64-gnu": "^1.0.2",
        "@napi-rs/snappy-linux-x64-musl": "^1.0.2",
        "@napi-rs/snappy-win32-arm64-msvc": "^1.0.2",
        "@napi-rs/snappy-win32-ia32-msvc": "^1.0.2",
        "@napi-rs/snappy-win32-x64-msvc": "^1.0.2"
      }
    },
    "node_modules/@napi-rs/snappy-android-arm64": {
      "version": "1.0.2",
      "resolved": "https://registry.npmjs.org/@napi-rs/snappy-android-arm64/-/snappy-android-arm64-1.0.2.tgz",
      "integrity": "sha512-I7VLnv6lJDquMX3AlC8JZREUplxOyPrqCeTLOg8eojISByyjCdEbn8xPzr8sdz2AF9fqzhqC3Hs9SOw3CtP/xg==",
      "cpu": [
        "arm64"
      ],
      "optional": true,
      "os": [
        "android"
      ],
      "engines": {
        "node": ">= 10"
      }
    },
    "node_modules/@napi-rs/snappy-darwin-arm64": {
      "version": "1.0.2",
      "resolved": "https://registry.npmjs.org/@napi-rs/snappy-darwin-arm64/-/snappy-darwin-arm64-1.0.2.tgz",
      "integrity": "sha512-bORHtrSu8zYklG5JyxOU2wseRo3tj8+WioP28M8TBseYVLrd+zckLVAia5J89NJD08LwJUdH/yW8VV3s+u8aLA==",
      "cpu": [
        "arm64"
      ],
      "optional": true,
      "os": [
        "darwin"
      ],
      "engines": {
        "node": ">= 10"
      }
    },
    "node_modules/@napi-rs/snappy-darwin-x64": {
      "version": "1.0.2",
      "resolved": "https://registry.npmjs.org/@napi-rs/snappy-darwin-x64/-/snappy-darwin-x64-1.0.2.tgz",
      "integrity": "sha512-FaJ2O23ALj7PLlDCOr5Jlzb4F+cGO4dfc+8xFbYC1XdAqvItZD7toRGs8g5sisdWJDRDpcP8jByF7XK2RIOLqQ==",
      "cpu": [
        "x64"
      ],
      "optional": true,
      "os": [
        "darwin"
      ],
      "engines": {
        "node": ">= 10"
      }
    },
    "node_modules/@napi-rs/snappy-freebsd-x64": {
      "version": "1.0.2",
      "resolved": "https://registry.npmjs.org/@napi-rs/snappy-freebsd-x64/-/snappy-freebsd-x64-1.0.2.tgz",
      "integrity": "sha512-oc4ahBFXL0zsSmO0bwtrTB8I1RBMNo2YPYlHdAf4SIFaqXkY3DHIDOSsLFSEvgQ0MKkBLZ8gtADheUz1Jr8HDQ==",
      "cpu": [
        "x64"
      ],
      "optional": true,
      "os": [
        "freebsd"
      ],
      "engines": {
        "node": ">= 10"
      }
    },
    "node_modules/@napi-rs/snappy-linux-arm-gnueabihf": {
      "version": "1.0.2",
      "resolved": "https://registry.npmjs.org/@napi-rs/snappy-linux-arm-gnueabihf/-/snappy-linux-arm-gnueabihf-1.0.2.tgz",
      "integrity": "sha512-9v4aKeYbdmgsLZBNaCr9Ws7mmtLrMjIeDMc0fytkCil4bmRJG86/nqMgq5jx1zC8waHYRp9GT2Vf53eVW/JXFA==",
      "cpu": [
        "arm"
      ],
      "optional": true,
      "os": [
        "linux"
      ],
      "engines": {
        "node": ">= 10"
      }
    },
    "node_modules/@napi-rs/snappy-linux-arm64-gnu": {
      "version": "1.0.2",
      "resolved": "https://registry.npmjs.org/@napi-rs/snappy-linux-arm64-gnu/-/snappy-linux-arm64-gnu-1.0.2.tgz",
      "integrity": "sha512-TljVpKLrlMzLMP0zW6Teqf2T0BWNvPMlzl/956XIxlEyH2lwNJKTOti/KdOsodamZK2M6zl9hMniao0QVcMHNQ==",
      "cpu": [
        "arm64"
      ],
      "optional": true,
      "os": [
        "linux"
      ],
      "engines": {
        "node": ">= 10"
      }
    },
    "node_modules/@napi-rs/snappy-linux-arm64-musl": {
      "version": "1.0.2",
      "resolved": "https://registry.npmjs.org/@napi-rs/snappy-linux-arm64-musl/-/snappy-linux-arm64-musl-1.0.2.tgz",
      "integrity": "sha512-XbIGdGb8r8j2CDCKDqs0FLr8VgQbdIUM5x6OEDjp5Mw3HeSDsDCGmNioJvzQl0t28ftDitE4BUeaMJM6OHYcAw==",
      "cpu": [
        "arm64"
      ],
      "optional": true,
      "os": [
        "linux"
      ],
      "engines": {
        "node": ">= 10"
      }
    },
    "node_modules/@napi-rs/snappy-linux-x64-gnu": {
      "version": "1.0.2",
      "resolved": "https://registry.npmjs.org/@napi-rs/snappy-linux-x64-gnu/-/snappy-linux-x64-gnu-1.0.2.tgz",
      "integrity": "sha512-XUJuwM7X7WaQ7TN3orog9/P1B7agDjW84eWbx45MHMalCkf/O14pWeehCBr7PKzQb7DVFNCPG9Z16VNNr2kxMg==",
      "cpu": [
        "x64"
      ],
      "optional": true,
      "os": [
        "linux"
      ],
      "engines": {
        "node": ">= 10"
      }
    },
    "node_modules/@napi-rs/snappy-linux-x64-musl": {
      "version": "1.0.2",
      "resolved": "https://registry.npmjs.org/@napi-rs/snappy-linux-x64-musl/-/snappy-linux-x64-musl-1.0.2.tgz",
      "integrity": "sha512-pAPPy+fFCP1gXr7Bbn1Nfsq3875WJdf54ti2oKKf3lgL22+afz9m2dMn1/GuWET1vzCaoGaEjb59J9J11cN8lg==",
      "cpu": [
        "x64"
      ],
      "optional": true,
      "os": [
        "linux"
      ],
      "engines": {
        "node": ">= 10"
      }
    },
    "node_modules/@napi-rs/snappy-win32-arm64-msvc": {
      "version": "1.0.2",
      "resolved": "https://registry.npmjs.org/@napi-rs/snappy-win32-arm64-msvc/-/snappy-win32-arm64-msvc-1.0.2.tgz",
      "integrity": "sha512-2amNgMm8LFhI8KzWlCuHByBKsCiB4c9ur5EY0PZCfbbUL+d8TRcVeHLndgUtgCqT+m+T35LXV6jpL3jF6vS3PQ==",
      "cpu": [
        "arm64"
      ],
      "optional": true,
      "os": [
        "win32"
      ],
      "engines": {
        "node": ">= 10"
      }
    },
    "node_modules/@napi-rs/snappy-win32-ia32-msvc": {
      "version": "1.0.2",
      "resolved": "https://registry.npmjs.org/@napi-rs/snappy-win32-ia32-msvc/-/snappy-win32-ia32-msvc-1.0.2.tgz",
      "integrity": "sha512-Z0ujqNb6ybi3CBZYV/dKZRQ3V0YqX74xwO0n/vV4FG+kjMbmz1x2O5B+cbpBdYciPLf/oN1EJMEbf/e+csHXig==",
      "cpu": [
        "ia32"
      ],
      "optional": true,
      "os": [
        "win32"
      ],
      "engines": {
        "node": ">= 10"
      }
    },
    "node_modules/@napi-rs/snappy-win32-x64-msvc": {
      "version": "1.0.2",
      "resolved": "https://registry.npmjs.org/@napi-rs/snappy-win32-x64-msvc/-/snappy-win32-x64-msvc-1.0.2.tgz",
      "integrity": "sha512-mpGGtdJp0+myWzVqtfkKcjdN8rXgN2b8ox6WxEe5CNga/vV8LdIpBl4HgQ4/GTd1PolG9v7eXqnl5Rli+yb8Nw==",
      "cpu": [
        "x64"
      ],
      "optional": true,
      "os": [
        "win32"
      ],
      "engines": {
        "node": ">= 10"
      }
    },
    "node_modules/@napi-rs/triples": {
      "version": "1.1.0",
      "resolved": "https://registry.npmjs.org/@napi-rs/triples/-/triples-1.1.0.tgz",
      "integrity": "sha512-XQr74QaLeMiqhStEhLn1im9EOMnkypp7MZOwQhGzqp2Weu5eQJbpPxWxixxlYRKWPOmJjsk6qYfYH9kq43yc2w==",
      "optional": true
    },
    "node_modules/@node-rs/crc32": {
      "version": "1.3.1",
      "resolved": "https://registry.npmjs.org/@node-rs/crc32/-/crc32-1.3.1.tgz",
      "integrity": "sha512-I03vfT0P4ud5QDsWtGc5qcBhvUz2PiaMhOg/B6GjyPy+VRJW5KR74+ODM1CsVZBHM6d/+wKHgsjtSh4HMz1fYg==",
      "optional": true,
      "dependencies": {
        "@node-rs/crc32-android-arm-eabi": "1.3.1",
        "@node-rs/crc32-android-arm64": "1.3.1",
        "@node-rs/crc32-darwin-arm64": "1.3.1",
        "@node-rs/crc32-darwin-x64": "1.3.1",
        "@node-rs/crc32-freebsd-x64": "1.3.1",
        "@node-rs/crc32-linux-arm-gnueabihf": "1.3.1",
        "@node-rs/crc32-linux-arm64-gnu": "1.3.1",
        "@node-rs/crc32-linux-arm64-musl": "1.3.1",
        "@node-rs/crc32-linux-x64-gnu": "1.3.1",
        "@node-rs/crc32-linux-x64-musl": "1.3.1",
        "@node-rs/crc32-win32-arm64-msvc": "1.3.1",
        "@node-rs/crc32-win32-ia32-msvc": "1.3.1",
        "@node-rs/crc32-win32-x64-msvc": "1.3.1"
      },
      "engines": {
        "node": ">= 10"
      },
      "funding": {
        "type": "github",
        "url": "https://github.com/sponsors/Brooooooklyn"
      },
      "optionalDependencies": {
        "@node-rs/crc32-android-arm-eabi": "1.3.1",
        "@node-rs/crc32-android-arm64": "1.3.1",
        "@node-rs/crc32-darwin-arm64": "1.3.1",
        "@node-rs/crc32-darwin-x64": "1.3.1",
        "@node-rs/crc32-freebsd-x64": "1.3.1",
        "@node-rs/crc32-linux-arm-gnueabihf": "1.3.1",
        "@node-rs/crc32-linux-arm64-gnu": "1.3.1",
        "@node-rs/crc32-linux-arm64-musl": "1.3.1",
        "@node-rs/crc32-linux-x64-gnu": "1.3.1",
        "@node-rs/crc32-linux-x64-musl": "1.3.1",
        "@node-rs/crc32-win32-arm64-msvc": "1.3.1",
        "@node-rs/crc32-win32-ia32-msvc": "1.3.1",
        "@node-rs/crc32-win32-x64-msvc": "1.3.1"
      }
    },
    "node_modules/@node-rs/crc32-android-arm-eabi": {
      "version": "1.3.1",
      "resolved": "https://registry.npmjs.org/@node-rs/crc32-android-arm-eabi/-/crc32-android-arm-eabi-1.3.1.tgz",
      "integrity": "sha512-iNNHEFSOwuQ0AZHTOkbZNs2hbu3+7l+Zi1ZjqHKAZFTbd2uDPmYIWNqqxWegaKAwnvVKL9ciSDYYEEY4oF8ETg==",
      "cpu": [
        "arm"
      ],
      "optional": true,
      "os": [
        "android"
      ],
      "engines": {
        "node": ">= 10"
      }
    },
    "node_modules/@node-rs/crc32-android-arm64": {
      "version": "1.3.1",
      "resolved": "https://registry.npmjs.org/@node-rs/crc32-android-arm64/-/crc32-android-arm64-1.3.1.tgz",
      "integrity": "sha512-r4DH1XHR2gVRv5kiNrHJU45X1KhDIwKFMKM9mw3xR36MUq34frQdUrovF+DgHKqfTBRS1y1WSL/x6tS6qYHZgQ==",
      "cpu": [
        "arm64"
      ],
      "optional": true,
      "os": [
        "android"
      ],
      "engines": {
        "node": ">= 10"
      }
    },
    "node_modules/@node-rs/crc32-darwin-arm64": {
      "version": "1.3.1",
      "resolved": "https://registry.npmjs.org/@node-rs/crc32-darwin-arm64/-/crc32-darwin-arm64-1.3.1.tgz",
      "integrity": "sha512-3QYYAh7b+1DY2T1kdVDb8dP08OwI6MIrhWYsOb8jVBjXSB0we2phM6J092ml8l18TJNw2VLO2UgM1QvTxOaOMw==",
      "cpu": [
        "arm64"
      ],
      "optional": true,
      "os": [
        "darwin"
      ],
      "engines": {
        "node": ">= 10"
      }
    },
    "node_modules/@node-rs/crc32-darwin-x64": {
      "version": "1.3.1",
      "resolved": "https://registry.npmjs.org/@node-rs/crc32-darwin-x64/-/crc32-darwin-x64-1.3.1.tgz",
      "integrity": "sha512-l7AKwVV6670T2SnDWUrXDHZxi5QX+XkS44P1wHzf+hDkgkl6Dm6ou47RH63Ebvdjl/jm4Z5Zk7XSef9aSotpwQ==",
      "cpu": [
        "x64"
      ],
      "optional": true,
      "os": [
        "darwin"
      ],
      "engines": {
        "node": ">= 10"
      }
    },
    "node_modules/@node-rs/crc32-freebsd-x64": {
      "version": "1.3.1",
      "resolved": "https://registry.npmjs.org/@node-rs/crc32-freebsd-x64/-/crc32-freebsd-x64-1.3.1.tgz",
      "integrity": "sha512-PVoCqAZWouXYRtWBw72a16Eq1NJVOfUEA2giEAHMtpV/D5tN7mgdPsKDbeLPSRwqVA2jouDXuiyA8IIzl6Fm8w==",
      "cpu": [
        "x64"
      ],
      "optional": true,
      "os": [
        "freebsd"
      ],
      "engines": {
        "node": ">= 10"
      }
    },
    "node_modules/@node-rs/crc32-linux-arm-gnueabihf": {
      "version": "1.3.1",
      "resolved": "https://registry.npmjs.org/@node-rs/crc32-linux-arm-gnueabihf/-/crc32-linux-arm-gnueabihf-1.3.1.tgz",
      "integrity": "sha512-iJhJS14FFdj3MIMLnfNcLQPstxlBDrItkZIYiMRzkw9DWpLjjLYH/uishC5Q2DB9NzR2hBdQeTcM/Ie1vKF0xw==",
      "cpu": [
        "arm"
      ],
      "optional": true,
      "os": [
        "linux"
      ],
      "engines": {
        "node": ">= 10"
      }
    },
    "node_modules/@node-rs/crc32-linux-arm64-gnu": {
      "version": "1.3.1",
      "resolved": "https://registry.npmjs.org/@node-rs/crc32-linux-arm64-gnu/-/crc32-linux-arm64-gnu-1.3.1.tgz",
      "integrity": "sha512-K0m9QBkpzxbnTMfj7mpHx2YHB2Dbskf/AVA1AbWJXg5xySSb48nL5ZCqkeE+OkEzPrA9c6eu3MnEwZWodxpuSw==",
      "cpu": [
        "arm64"
      ],
      "optional": true,
      "os": [
        "linux"
      ],
      "engines": {
        "node": ">= 10"
      }
    },
    "node_modules/@node-rs/crc32-linux-arm64-musl": {
      "version": "1.3.1",
      "resolved": "https://registry.npmjs.org/@node-rs/crc32-linux-arm64-musl/-/crc32-linux-arm64-musl-1.3.1.tgz",
      "integrity": "sha512-Un4pryPsx761ovw21J0sKeIJdqN+2i/7KEXMEoGYl2extmadsE5swS9SlMHp3l1oE2HKt/2CLfdrbinc1zoI8A==",
      "cpu": [
        "arm64"
      ],
      "optional": true,
      "os": [
        "linux"
      ],
      "engines": {
        "node": ">= 10"
      }
    },
    "node_modules/@node-rs/crc32-linux-x64-gnu": {
      "version": "1.3.1",
      "resolved": "https://registry.npmjs.org/@node-rs/crc32-linux-x64-gnu/-/crc32-linux-x64-gnu-1.3.1.tgz",
      "integrity": "sha512-7vGDwMfBunzhxTp52x1TsozZKc4946Ahx1GndsQoN3NpiWaW3ENouliOl3U9bpSF29k/9hJvcIBDghPtz6el6Q==",
      "cpu": [
        "x64"
      ],
      "optional": true,
      "os": [
        "linux"
      ],
      "engines": {
        "node": ">= 10"
      }
    },
    "node_modules/@node-rs/crc32-linux-x64-musl": {
      "version": "1.3.1",
      "resolved": "https://registry.npmjs.org/@node-rs/crc32-linux-x64-musl/-/crc32-linux-x64-musl-1.3.1.tgz",
      "integrity": "sha512-YQaCdUSSnO9Y3MGF+qfj7phHUWvJSab2QF7ru6TfX6syWPB2GYj1OhgX6CyVRli/XCkqqOMz/u2iV22vzj0jNA==",
      "cpu": [
        "x64"
      ],
      "optional": true,
      "os": [
        "linux"
      ],
      "engines": {
        "node": ">= 10"
      }
    },
    "node_modules/@node-rs/crc32-win32-arm64-msvc": {
      "version": "1.3.1",
      "resolved": "https://registry.npmjs.org/@node-rs/crc32-win32-arm64-msvc/-/crc32-win32-arm64-msvc-1.3.1.tgz",
      "integrity": "sha512-Hio1iAHrvWFFh4V7MsRjaYBbS2nRNcpSHpXu0Hf/C6saykSOMkxgYbC6pcN+LfsG43HOZYkqeJAEnMal+dbk8g==",
      "cpu": [
        "arm64"
      ],
      "optional": true,
      "os": [
        "win32"
      ],
      "engines": {
        "node": ">= 10"
      }
    },
    "node_modules/@node-rs/crc32-win32-ia32-msvc": {
      "version": "1.3.1",
      "resolved": "https://registry.npmjs.org/@node-rs/crc32-win32-ia32-msvc/-/crc32-win32-ia32-msvc-1.3.1.tgz",
      "integrity": "sha512-QQ0mKhM4f9JyNUPQ0BFtzeb6CrFFnDEJG9dGfJAHgsqWaHNBmVXoMXYdVGXqged25WV7R/+Zk+EWUsvBBfnVig==",
      "cpu": [
        "ia32"
      ],
      "optional": true,
      "os": [
        "win32"
      ],
      "engines": {
        "node": ">= 10"
      }
    },
    "node_modules/@node-rs/crc32-win32-x64-msvc": {
      "version": "1.3.1",
      "resolved": "https://registry.npmjs.org/@node-rs/crc32-win32-x64-msvc/-/crc32-win32-x64-msvc-1.3.1.tgz",
      "integrity": "sha512-1hlEyJ5QK9p8+8MHpxtxW+RA5v4Y7BeSauDUAWQfBrF6FSwNKvbypkVSwC19OLQFUv0PP0lvyBG/oo6X7xN73Q==",
      "cpu": [
        "x64"
      ],
      "optional": true,
      "os": [
        "win32"
      ],
      "engines": {
        "node": ">= 10"
      }
    },
    "node_modules/@node-rs/helper": {
      "version": "1.3.0",
      "resolved": "https://registry.npmjs.org/@node-rs/helper/-/helper-1.3.0.tgz",
      "integrity": "sha512-KPS0EBA1bXtf96IL7wr5bFHxhL2KCZ6kI/hkyLG7nzEq2cDq8pJhOhcJDOLXIPh5J2LEJ5eXyjDTWDFg5eRypw==",
      "optional": true,
      "dependencies": {
        "@napi-rs/triples": "^1.1.0"
      }
    },
    "node_modules/int24": {
      "version": "0.0.1",
      "resolved": "https://registry.npmjs.org/int24/-/int24-0.0.1.tgz",
      "integrity": "sha1-ls/xQwpGVXNS7bQGzYezCCs2nYQ=",
      "optional": true
    },
    "node_modules/lodash": {
      "version": "4.17.21",
      "resolved": "https://registry.npmjs.org/lodash/-/lodash-4.17.21.tgz",
      "integrity": "sha512-v2kDEe57lecTulaDIuNTPy3Ry4gLGJ6Z1O3vE1krgXZNrsQ+LFTGHVxVjcXPs17LhbZVGedAJv8XZ1tvj5FvSg=="
    },
    "node_modules/node-fetch": {
      "version": "2.6.6",
      "resolved": "https://registry.npmjs.org/node-fetch/-/node-fetch-2.6.6.tgz",
      "integrity": "sha512-Z8/6vRlTUChSdIgMa51jxQ4lrw/Jy5SOW10ObaA47/RElsAN2c5Pn8bTgFGWn/ibwzXTE8qwr1Yzx28vsecXEA==",
      "dependencies": {
        "whatwg-url": "^5.0.0"
      },
      "engines": {
        "node": "4.x || >=6.0.0"
      }
    },
    "node_modules/node-state": {
      "version": "1.4.4",
      "resolved": "https://registry.npmjs.org/node-state/-/node-state-1.4.4.tgz",
      "integrity": "sha1-5eYthhZ+LahyOKyG/PUy3+Nsrbk=",
      "engines": {
        "node": ">=0.6.6"
      }
    },
    "node_modules/nsqjs": {
      "version": "0.13.0",
      "resolved": "https://registry.npmjs.org/nsqjs/-/nsqjs-0.13.0.tgz",
      "integrity": "sha512-h4sZoJu8qumYYGLts9ObWl+eK3BzkbBuE7UhrQYkLMQvaeHXFlGfBXB5IcgNBRQVOuEVRfT/1V4bPpgiJyN/RQ==",
      "dependencies": {
        "lodash": "^4.17.15",
        "node-fetch": "^2.6.1",
        "node-state": "~1.4.4",
        "snappystream": "^2.0.0"
      },
      "engines": {
        "node": ">= 12.13.0"
      },
      "optionalDependencies": {
        "snappystream": "^2.0.0"
      }
    },
    "node_modules/snappystream": {
      "version": "2.0.0",
      "resolved": "https://registry.npmjs.org/snappystream/-/snappystream-2.0.0.tgz",
      "integrity": "sha512-Uu8wVCmd4R7W46HfHd6+E0kIFZlZ80heUyUyaCePhvIPCJF+uzpeAry5/6WNmeqx8SJiSdr0N635qUtL3AqzWg==",
      "optional": true,
      "dependencies": {
        "@napi-rs/snappy": "^1.0.1",
        "@node-rs/crc32": "^1.1.2",
        "int24": "0.0.1"
      },
      "engines": {
        "node": ">=12"
      }
    },
    "node_modules/tr46": {
      "version": "0.0.3",
      "resolved": "https://registry.npmjs.org/tr46/-/tr46-0.0.3.tgz",
      "integrity": "sha1-gYT9NH2snNwYWZLzpmIuFLnZq2o="
    },
    "node_modules/webidl-conversions": {
      "version": "3.0.1",
      "resolved": "https://registry.npmjs.org/webidl-conversions/-/webidl-conversions-3.0.1.tgz",
      "integrity": "sha1-JFNCdeKnvGvnvIZhHMFq4KVlSHE="
    },
    "node_modules/whatwg-url": {
      "version": "5.0.0",
      "resolved": "https://registry.npmjs.org/whatwg-url/-/whatwg-url-5.0.0.tgz",
      "integrity": "sha1-lmRU6HZUYuN2RNNib2dCzotwll0=",
      "dependencies": {
        "tr46": "~0.0.3",
        "webidl-conversions": "^3.0.0"
      }
    }
  },
  "dependencies": {
    "@napi-rs/snappy": {
      "version": "1.0.2",
      "resolved": "https://registry.npmjs.org/@napi-rs/snappy/-/snappy-1.0.2.tgz",
      "integrity": "sha512-QHuTPh/HCmDfXSnswisrfpq20rwRh5Xl5pR0BEfR/31cTN3IesH6RD0tcs7/ZuGld+EsT/O9ksDyTEKYOque6g==",
      "optional": true,
      "requires": {
        "@napi-rs/snappy-android-arm64": "^1.0.2",
        "@napi-rs/snappy-darwin-arm64": "^1.0.2",
        "@napi-rs/snappy-darwin-x64": "^1.0.2",
        "@napi-rs/snappy-freebsd-x64": "^1.0.2",
        "@napi-rs/snappy-linux-arm-gnueabihf": "^1.0.2",
        "@napi-rs/snappy-linux-arm64-gnu": "^1.0.2",
        "@napi-rs/snappy-linux-arm64-musl": "^1.0.2",
        "@napi-rs/snappy-linux-x64-gnu": "^1.0.2",
        "@napi-rs/snappy-linux-x64-musl": "^1.0.2",
        "@napi-rs/snappy-win32-arm64-msvc": "^1.0.2",
        "@napi-rs/snappy-win32-ia32-msvc": "^1.0.2",
        "@napi-rs/snappy-win32-x64-msvc": "^1.0.2",
        "@node-rs/helper": "^1.2.0"
      }
    },
    "@napi-rs/snappy-android-arm64": {
      "version": "1.0.2",
      "resolved": "https://registry.npmjs.org/@napi-rs/snappy-android-arm64/-/snappy-android-arm64-1.0.2.tgz",
      "integrity": "sha512-I7VLnv6lJDquMX3AlC8JZREUplxOyPrqCeTLOg8eojISByyjCdEbn8xPzr8sdz2AF9fqzhqC3Hs9SOw3CtP/xg==",
      "optional": true
    },
    "@napi-rs/snappy-darwin-arm64": {
      "version": "1.0.2",
      "resolved": "https://registry.npmjs.org/@napi-rs/snappy-darwin-arm64/-/snappy-darwin-arm64-1.0.2.tgz",
      "integrity": "sha512-bORHtrSu8zYklG5JyxOU2wseRo3tj8+WioP28M8TBseYVLrd+zckLVAia5J89NJD08LwJUdH/yW8VV3s+u8aLA==",
      "optional": true
    },
    "@napi-rs/snappy-darwin-x64": {
      "version": "1.0.2",
      "resolved": "https://registry.npmjs.org/@napi-rs/snappy-darwin-x64/-/snappy-darwin-x64-1.0.2.tgz",
      "integrity": "sha512-FaJ2O23ALj7PLlDCOr5Jlzb4F+cGO4dfc+8xFbYC1XdAqvItZD7toRGs8g5sisdWJDRDpcP8jByF7XK2RIOLqQ==",
      "optional": true
    },
    "@napi-rs/snappy-freebsd-x64": {
      "version": "1.0.2",
      "resolved": "https://registry.npmjs.org/@napi-rs/snappy-freebsd-x64/-/snappy-freebsd-x64-1.0.2.tgz",
      "integrity": "sha512-oc4ahBFXL0zsSmO0bwtrTB8I1RBMNo2YPYlHdAf4SIFaqXkY3DHIDOSsLFSEvgQ0MKkBLZ8gtADheUz1Jr8HDQ==",
      "optional": true
    },
    "@napi-rs/snappy-linux-arm-gnueabihf": {
      "version": "1.0.2",
      "resolved": "https://registry.npmjs.org/@napi-rs/snappy-linux-arm-gnueabihf/-/snappy-linux-arm-gnueabihf-1.0.2.tgz",
      "integrity": "sha512-9v4aKeYbdmgsLZBNaCr9Ws7mmtLrMjIeDMc0fytkCil4bmRJG86/nqMgq5jx1zC8waHYRp9GT2Vf53eVW/JXFA==",
      "optional": true
    },
    "@napi-rs/snappy-linux-arm64-gnu": {
      "version": "1.0.2",
      "resolved": "https://registry.npmjs.org/@napi-rs/snappy-linux-arm64-gnu/-/snappy-linux-arm64-gnu-1.0.2.tgz",
      "integrity": "sha512-TljVpKLrlMzLMP0zW6Teqf2T0BWNvPMlzl/956XIxlEyH2lwNJKTOti/KdOsodamZK2M6zl9hMniao0QVcMHNQ==",
      "optional": true
    },
    "@napi-rs/snappy-linux-arm64-musl": {
      "version": "1.0.2",
      "resolved": "https://registry.npmjs.org/@napi-rs/snappy-linux-arm64-musl/-/snappy-linux-arm64-musl-1.0.2.tgz",
      "integrity": "sha512-XbIGdGb8r8j2CDCKDqs0FLr8VgQbdIUM5x6OEDjp5Mw3HeSDsDCGmNioJvzQl0t28ftDitE4BUeaMJM6OHYcAw==",
      "optional": true
    },
    "@napi-rs/snappy-linux-x64-gnu": {
      "version": "1.0.2",
      "resolved": "https://registry.npmjs.org/@napi-rs/snappy-linux-x64-gnu/-/snappy-linux-x64-gnu-1.0.2.tgz",
      "integrity": "sha512-XUJuwM7X7WaQ7TN3orog9/P1B7agDjW84eWbx45MHMalCkf/O14pWeehCBr7PKzQb7DVFNCPG9Z16VNNr2kxMg==",
      "optional": true
    },
    "@napi-rs/snappy-linux-x64-musl": {
      "version": "1.0.2",
      "resolved": "https://registry.npmjs.org/@napi-rs/snappy-linux-x64-musl/-/snappy-linux-x64-musl-1.0.2.tgz",
      "integrity": "sha512-pAPPy+fFCP1gXr7Bbn1Nfsq3875WJdf54ti2oKKf3lgL22+afz9m2dMn1/GuWET1vzCaoGaEjb59J9J11cN8lg==",
      "optional": true
    },
    "@napi-rs/snappy-win32-arm64-msvc": {
      "version": "1.0.2",
      "resolved": "https://registry.npmjs.org/@napi-rs/snappy-win32-arm64-msvc/-/snappy-win32-arm64-msvc-1.0.2.tgz",
      "integrity": "sha512-2amNgMm8LFhI8KzWlCuHByBKsCiB4c9ur5EY0PZCfbbUL+d8TRcVeHLndgUtgCqT+m+T35LXV6jpL3jF6vS3PQ==",
      "optional": true
    },
    "@napi-rs/snappy-win32-ia32-msvc": {
      "version": "1.0.2",
      "resolved": "https://registry.npmjs.org/@napi-rs/snappy-win32-ia32-msvc/-/snappy-win32-ia32-msvc-1.0.2.tgz",
      "integrity": "sha512-Z0ujqNb6ybi3CBZYV/dKZRQ3V0YqX74xwO0n/vV4FG+kjMbmz1x2O5B+cbpBdYciPLf/oN1EJMEbf/e+csHXig==",
      "optional": true
    },
    "@napi-rs/snappy-win32-x64-msvc": {
      "version": "1.0.2",
      "resolved": "https://registry.npmjs.org/@napi-rs/snappy-win32-x64-msvc/-/snappy-win32-x64-msvc-1.0.2.tgz",
      "integrity": "sha512-mpGGtdJp0+myWzVqtfkKcjdN8rXgN2b8ox6WxEe5CNga/vV8LdIpBl4HgQ4/GTd1PolG9v7eXqnl5Rli+yb8Nw==",
      "optional": true
    },
    "@napi-rs/triples": {
      "version": "1.1.0",
      "resolved": "https://registry.npmjs.org/@napi-rs/triples/-/triples-1.1.0.tgz",
      "integrity": "sha512-XQr74QaLeMiqhStEhLn1im9EOMnkypp7MZOwQhGzqp2Weu5eQJbpPxWxixxlYRKWPOmJjsk6qYfYH9kq43yc2w==",
      "optional": true
    },
    "@node-rs/crc32": {
      "version": "1.3.1",
      "resolved": "https://registry.npmjs.org/@node-rs/crc32/-/crc32-1.3.1.tgz",
      "integrity": "sha512-I03vfT0P4ud5QDsWtGc5qcBhvUz2PiaMhOg/B6GjyPy+VRJW5KR74+ODM1CsVZBHM6d/+wKHgsjtSh4HMz1fYg==",
      "optional": true,
      "requires": {
        "@node-rs/crc32-android-arm-eabi": "1.3.1",
        "@node-rs/crc32-android-arm64": "1.3.1",
        "@node-rs/crc32-darwin-arm64": "1.3.1",
        "@node-rs/crc32-darwin-x64": "1.3.1",
        "@node-rs/crc32-freebsd-x64": "1.3.1",
        "@node-rs/crc32-linux-arm-gnueabihf": "1.3.1",
        "@node-rs/crc32-linux-arm64-gnu": "1.3.1",
        "@node-rs/crc32-linux-arm64-musl": "1.3.1",
        "@node-rs/crc32-linux-x64-gnu": "1.3.1",
        "@node-rs/crc32-linux-x64-musl": "1.3.1",
        "@node-rs/crc32-win32-arm64-msvc": "1.3.1",
        "@node-rs/crc32-win32-ia32-msvc": "1.3.1",
        "@node-rs/crc32-win32-x64-msvc": "1.3.1"
      }
    },
    "@node-rs/crc32-android-arm-eabi": {
      "version": "1.3.1",
      "resolved": "https://registry.npmjs.org/@node-rs/crc32-android-arm-eabi/-/crc32-android-arm-eabi-1.3.1.tgz",
      "integrity": "sha512-iNNHEFSOwuQ0AZHTOkbZNs2hbu3+7l+Zi1ZjqHKAZFTbd2uDPmYIWNqqxWegaKAwnvVKL9ciSDYYEEY4oF8ETg==",
      "optional": true
    },
    "@node-rs/crc32-android-arm64": {
      "version": "1.3.1",
      "resolved": "https://registry.npmjs.org/@node-rs/crc32-android-arm64/-/crc32-android-arm64-1.3.1.tgz",
      "integrity": "sha512-r4DH1XHR2gVRv5kiNrHJU45X1KhDIwKFMKM9mw3xR36MUq34frQdUrovF+DgHKqfTBRS1y1WSL/x6tS6qYHZgQ==",
      "optional": true
    },
    "@node-rs/crc32-darwin-arm64": {
      "version": "1.3.1",
      "resolved": "https://registry.npmjs.org/@node-rs/crc32-darwin-arm64/-/crc32-darwin-arm64-1.3.1.tgz",
      "integrity": "sha512-3QYYAh7b+1DY2T1kdVDb8dP08OwI6MIrhWYsOb8jVBjXSB0we2phM6J092ml8l18TJNw2VLO2UgM1QvTxOaOMw==",
      "optional": true
    },
    "@node-rs/crc32-darwin-x64": {
      "version": "1.3.1",
      "resolved": "https://registry.npmjs.org/@node-rs/crc32-darwin-x64/-/crc32-darwin-x64-1.3.1.tgz",
      "integrity": "sha512-l7AKwVV6670T2SnDWUrXDHZxi5QX+XkS44P1wHzf+hDkgkl6Dm6ou47RH63Ebvdjl/jm4Z5Zk7XSef9aSotpwQ==",
      "optional": true
    },
    "@node-rs/crc32-freebsd-x64": {
      "version": "1.3.1",
      "resolved": "https://registry.npmjs.org/@node-rs/crc32-freebsd-x64/-/crc32-freebsd-x64-1.3.1.tgz",
      "integrity": "sha512-PVoCqAZWouXYRtWBw72a16Eq1NJVOfUEA2giEAHMtpV/D5tN7mgdPsKDbeLPSRwqVA2jouDXuiyA8IIzl6Fm8w==",
      "optional": true
    },
    "@node-rs/crc32-linux-arm-gnueabihf": {
      "version": "1.3.1",
      "resolved": "https://registry.npmjs.org/@node-rs/crc32-linux-arm-gnueabihf/-/crc32-linux-arm-gnueabihf-1.3.1.tgz",
      "integrity": "sha512-iJhJS14FFdj3MIMLnfNcLQPstxlBDrItkZIYiMRzkw9DWpLjjLYH/uishC5Q2DB9NzR2hBdQeTcM/Ie1vKF0xw==",
      "optional": true
    },
    "@node-rs/crc32-linux-arm64-gnu": {
      "version": "1.3.1",
      "resolved": "https://registry.npmjs.org/@node-rs/crc32-linux-arm64-gnu/-/crc32-linux-arm64-gnu-1.3.1.tgz",
      "integrity": "sha512-K0m9QBkpzxbnTMfj7mpHx2YHB2Dbskf/AVA1AbWJXg5xySSb48nL5ZCqkeE+OkEzPrA9c6eu3MnEwZWodxpuSw==",
      "optional": true
    },
    "@node-rs/crc32-linux-arm64-musl": {
      "version": "1.3.1",
      "resolved": "https://registry.npmjs.org/@node-rs/crc32-linux-arm64-musl/-/crc32-linux-arm64-musl-1.3.1.tgz",
      "integrity": "sha512-Un4pryPsx761ovw21J0sKeIJdqN+2i/7KEXMEoGYl2extmadsE5swS9SlMHp3l1oE2HKt/2CLfdrbinc1zoI8A==",
      "optional": true
    },
    "@node-rs/crc32-linux-x64-gnu": {
      "version": "1.3.1",
      "resolved": "https://registry.npmjs.org/@node-rs/crc32-linux-x64-gnu/-/crc32-linux-x64-gnu-1.3.1.tgz",
      "integrity": "sha512-7vGDwMfBunzhxTp52x1TsozZKc4946Ahx1GndsQoN3NpiWaW3ENouliOl3U9bpSF29k/9hJvcIBDghPtz6el6Q==",
      "optional": true
    },
    "@node-rs/crc32-linux-x64-musl": {
      "version": "1.3.1",
      "resolved": "https://registry.npmjs.org/@node-rs/crc32-linux-x64-musl/-/crc32-linux-x64-musl-1.3.1.tgz",
      "integrity": "sha512-YQaCdUSSnO9Y3MGF+qfj7phHUWvJSab2QF7ru6TfX6syWPB2GYj1OhgX6CyVRli/XCkqqOMz/u2iV22vzj0jNA==",
      "optional": true
    },
    "@node-rs/crc32-win32-arm64-msvc": {
      "version": "1.3.1",
      "resolved": "https://registry.npmjs.org/@node-rs/crc32-win32-arm64-msvc/-/crc32-win32-arm64-msvc-1.3.1.tgz",
      "integrity": "sha512-Hio1iAHrvWFFh4V7MsRjaYBbS2nRNcpSHpXu0Hf/C6saykSOMkxgYbC6pcN+LfsG43HOZYkqeJAEnMal+dbk8g==",
      "optional": true
    },
    "@node-rs/crc32-win32-ia32-msvc": {
      "version": "1.3.1",
      "resolved": "https://registry.npmjs.org/@node-rs/crc32-win32-ia32-msvc/-/crc32-win32-ia32-msvc-1.3.1.tgz",
      "integrity": "sha512-QQ0mKhM4f9JyNUPQ0BFtzeb6CrFFnDEJG9dGfJAHgsqWaHNBmVXoMXYdVGXqged25WV7R/+Zk+EWUsvBBfnVig==",
      "optional": true
    },
    "@node-rs/crc32-win32-x64-msvc": {
      "version": "1.3.1",
      "resolved": "https://registry.npmjs.org/@node-rs/crc32-win32-x64-msvc/-/crc32-win32-x64-msvc-1.3.1.tgz",
      "integrity": "sha512-1hlEyJ5QK9p8+8MHpxtxW+RA5v4Y7BeSauDUAWQfBrF6FSwNKvbypkVSwC19OLQFUv0PP0lvyBG/oo6X7xN73Q==",
      "optional": true
    },
    "@node-rs/helper": {
      "version": "1.3.0",
      "resolved": "https://registry.npmjs.org/@node-rs/helper/-/helper-1.3.0.tgz",
      "integrity": "sha512-KPS0EBA1bXtf96IL7wr5bFHxhL2KCZ6kI/hkyLG7nzEq2cDq8pJhOhcJDOLXIPh5J2LEJ5eXyjDTWDFg5eRypw==",
      "optional": true,
      "requires": {
        "@napi-rs/triples": "^1.1.0"
      }
    },
    "int24": {
      "version": "0.0.1",
      "resolved": "https://registry.npmjs.org/int24/-/int24-0.0.1.tgz",
      "integrity": "sha1-ls/xQwpGVXNS7bQGzYezCCs2nYQ=",
      "optional": true
    },
    "lodash": {
      "version": "4.17.21",
      "resolved": "https://registry.npmjs.org/lodash/-/lodash-4.17.21.tgz",
      "integrity": "sha512-v2kDEe57lecTulaDIuNTPy3Ry4gLGJ6Z1O3vE1krgXZNrsQ+LFTGHVxVjcXPs17LhbZVGedAJv8XZ1tvj5FvSg=="
    },
    "node-fetch": {
      "version": "2.6.6",
      "resolved": "https://registry.npmjs.org/node-fetch/-/node-fetch-2.6.6.tgz",
      "integrity": "sha512-Z8/6vRlTUChSdIgMa51jxQ4lrw/Jy5SOW10ObaA47/RElsAN2c5Pn8bTgFGWn/ibwzXTE8qwr1Yzx28vsecXEA==",
      "requires": {
        "whatwg-url": "^5.0.0"
      }
    },
    "node-state": {
      "version": "1.4.4",
      "resolved": "https://registry.npmjs.org/node-state/-/node-state-1.4.4.tgz",
      "integrity": "sha1-5eYthhZ+LahyOKyG/PUy3+Nsrbk="
    },
    "nsqjs": {
      "version": "0.13.0",
      "resolved": "https://registry.npmjs.org/nsqjs/-/nsqjs-0.13.0.tgz",
      "integrity": "sha512-h4sZoJu8qumYYGLts9ObWl+eK3BzkbBuE7UhrQYkLMQvaeHXFlGfBXB5IcgNBRQVOuEVRfT/1V4bPpgiJyN/RQ==",
      "requires": {
        "lodash": "^4.17.15",
        "node-fetch": "^2.6.1",
        "node-state": "~1.4.4",
        "snappystream": "^2.0.0"
      }
    },
    "snappystream": {
      "version": "2.0.0",
      "resolved": "https://registry.npmjs.org/snappystream/-/snappystream-2.0.0.tgz",
      "integrity": "sha512-Uu8wVCmd4R7W46HfHd6+E0kIFZlZ80heUyUyaCePhvIPCJF+uzpeAry5/6WNmeqx8SJiSdr0N635qUtL3AqzWg==",
      "optional": true,
      "requires": {
        "@napi-rs/snappy": "^1.0.1",
        "@node-rs/crc32": "^1.1.2",
        "int24": "0.0.1"
      }
    },
    "tr46": {
      "version": "0.0.3",
      "resolved": "https://registry.npmjs.org/tr46/-/tr46-0.0.3.tgz",
      "integrity": "sha1-gYT9NH2snNwYWZLzpmIuFLnZq2o="
    },
    "webidl-conversions": {
      "version": "3.0.1",
      "resolved": "https://registry.npmjs.org/webidl-conversions/-/webidl-conversions-3.0.1.tgz",
      "integrity": "sha1-JFNCdeKnvGvnvIZhHMFq4KVlSHE="
    },
    "whatwg-url": {
      "version": "5.0.0",
      "resolved": "https://registry.npmjs.org/whatwg-url/-/whatwg-url-5.0.0.tgz",
      "integrity": "sha1-lmRU6HZUYuN2RNNib2dCzotwll0=",
      "requires": {
        "tr46": "~0.0.3",
        "webidl-conversions": "^3.0.0"
      }
    }
  }
}
